
Microsoft Visual Studio Solution File, Format Version 12.00
# Visual Studio Version 17
VisualStudioVersion = 17.14.36203.30 d17.14
MinimumVisualStudioVersion = 10.0.40219.1
Project("{888888A0-9F3D-457C-B088-3A5042F75D52}") = "group project", "group project\group project.pyproj", "{DDF33508-46DC-4E02-BC1F-E68F87A77333}"
EndProject
Global
	GlobalSection(SolutionConfigurationPlatforms) = preSolution
		Debug|Any CPU = Debug|Any CPU
		Release|Any CPU = Release|Any CPU
	EndGlobalSection
	GlobalSection(ProjectConfigurationPlatforms) = postSolution
		{DDF33508-46DC-4E02-BC1F-E68F87A77333}.Debug|Any CPU.ActiveCfg = Debug|Any CPU
		{DDF33508-46DC-4E02-BC1F-E68F87A77333}.Release|Any CPU.ActiveCfg = Release|Any CPU
	EndGlobalSection
	GlobalSection(SolutionProperties) = preSolution
		HideSolutionNode = FALSE
	EndGlobalSection
	GlobalSection(ExtensibilityGlobals) = postSolution
		SolutionGuid = {77597449-ADAF-4B99-A1D1-0A62033608FB}
	EndGlobalSection
EndGlobal
